
Microsoft Visual Studio Solution File, Format Version 12.00
# Visual Studio 14
VisualStudioVersion = 14.0.25420.1
MinimumVisualStudioVersion = 10.0.40219.1
Project("{FAE04EC0-301F-11D3-BF4B-00C04F79EFBC}") = "APIAcmeProdutos", "APIAcmeProdutos\APIAcmeProdutos.csproj", "{4D6854DA-AE8E-48E6-B37D-8AE0371C95AF}"
EndProject
Global
	GlobalSection(SolutionConfigurationPlatforms) = preSolution
		Debug|Any CPU = Debug|Any CPU
		Release|Any CPU = Release|Any CPU
	EndGlobalSection
	GlobalSection(ProjectConfigurationPlatforms) = postSolution
		{4D6854DA-AE8E-48E6-B37D-8AE0371C95AF}.Debug|Any CPU.ActiveCfg = Debug|Any CPU
		{4D6854DA-AE8E-48E6-B37D-8AE0371C95AF}.Debug|Any CPU.Build.0 = Debug|Any CPU
		{4D6854DA-AE8E-48E6-B37D-8AE0371C95AF}.Release|Any CPU.ActiveCfg = Release|Any CPU
		{4D6854DA-AE8E-48E6-B37D-8AE0371C95AF}.Release|Any CPU.Build.0 = Release|Any CPU
	EndGlobalSection
	GlobalSection(SolutionProperties) = preSolution
		HideSolutionNode = FALSE
	EndGlobalSection
EndGlobal
